
Microsoft Visual Studio Solution File, Format Version 12.00
# Visual Studio Version 17
VisualStudioVersion = 17.6.33829.357
MinimumVisualStudioVersion = 10.0.40219.1
Project("{FAE04EC0-301F-11D3-BF4B-00C04F79EFBC}") = "FontInstaller", "FontInstaller\FontInstaller.csproj", "{42E1B496-00F8-476E-BF6F-A8F02217C6C1}"
EndProject
Global
	GlobalSection(SolutionConfigurationPlatforms) = preSolution
		Debug|Any CPU = Debug|Any CPU
		Release|Any CPU = Release|Any CPU
	EndGlobalSection
	GlobalSection(ProjectConfigurationPlatforms) = postSolution
		{42E1B496-00F8-476E-BF6F-A8F02217C6C1}.Debug|Any CPU.ActiveCfg = Debug|Any CPU
		{42E1B496-00F8-476E-BF6F-A8F02217C6C1}.Debug|Any CPU.Build.0 = Debug|Any CPU
		{42E1B496-00F8-476E-BF6F-A8F02217C6C1}.Release|Any CPU.ActiveCfg = Release|Any CPU
		{42E1B496-00F8-476E-BF6F-A8F02217C6C1}.Release|Any CPU.Build.0 = Release|Any CPU
	EndGlobalSection
	GlobalSection(SolutionProperties) = preSolution
		HideSolutionNode = FALSE
	EndGlobalSection
	GlobalSection(ExtensibilityGlobals) = postSolution
		SolutionGuid = {5EAD522C-C778-4A23-8D1E-5281C41C032C}
	EndGlobalSection
EndGlobal
